{
  "requires": true,
  "lockfileVersion": 1,
  "dependencies": {
    "caniuse-db": {
      "version": "1.0.30000984",
      "resolved": "https://registry.npmjs.org/caniuse-db/-/caniuse-db-1.0.30000984.tgz",
      "integrity": "sha512-1tismk25It1v7bWgRHkHxITa7ySDXVQCwb49iKbn/HeDBTEKOgEqKkJT2Xv5rJSneDqdQRqFvYrzvw5WulLjfQ=="
    }
  }
}
