{
  "requires": true,
  "lockfileVersion": 1,
  "dependencies": {
    "caniuse-db": {
      "version": "1.0.30000978",
      "resolved": "https://registry.npmjs.org/caniuse-db/-/caniuse-db-1.0.30000978.tgz",
      "integrity": "sha512-UTzb0WomXxeqhAn3HgygItnkQeiLujN/O4D6hhB4ccSgktBysAbO/duUBJiNsPyxn/DsV8OnIn45jNeuvmUcPQ=="
    },
    "emmet": {
      "version": "1.6.3",
      "resolved": "https://registry.npmjs.org/emmet/-/emmet-1.6.3.tgz",
      "integrity": "sha1-/hPXdO7jMv5L9sCsjLLWhhbqUME=",
      "requires": {
        "caniuse-db": "^1.0.30000161"
      }
    }
  }
}
